
Microsoft Visual Studio Solution File, Format Version 12.00
# Visual Studio 15
VisualStudioVersion = 15.0.27703.2035
MinimumVisualStudioVersion = 10.0.40219.1
Project("{9A19103F-16F7-4668-BE54-9A1E7A4F7556}") = "Crypton", "Crypton\Crypton.csproj", "{1D044A93-1E75-43E5-B092-EF73797B7A7B}"
EndProject
Global
	GlobalSection(SolutionConfigurationPlatforms) = preSolution
		Debug|Any CPU = Debug|Any CPU
		Release|Any CPU = Release|Any CPU
	EndGlobalSection
	GlobalSection(ProjectConfigurationPlatforms) = postSolution
		{1D044A93-1E75-43E5-B092-EF73797B7A7B}.Debug|Any CPU.ActiveCfg = Debug|Any CPU
		{1D044A93-1E75-43E5-B092-EF73797B7A7B}.Debug|Any CPU.Build.0 = Debug|Any CPU
		{1D044A93-1E75-43E5-B092-EF73797B7A7B}.Release|Any CPU.ActiveCfg = Release|Any CPU
		{1D044A93-1E75-43E5-B092-EF73797B7A7B}.Release|Any CPU.Build.0 = Release|Any CPU
	EndGlobalSection
	GlobalSection(SolutionProperties) = preSolution
		HideSolutionNode = FALSE
	EndGlobalSection
	GlobalSection(ExtensibilityGlobals) = postSolution
		SolutionGuid = {174BBCDD-73C6-402A-8B6E-0FFB841FA335}
	EndGlobalSection
EndGlobal
